
Microsoft Visual Studio Solution File, Format Version 12.00
# Visual Studio Version 17
VisualStudioVersion = 17.4.33213.308
MinimumVisualStudioVersion = 10.0.40219.1
Project("{FAE04EC0-301F-11D3-BF4B-00C04F79EFBC}") = "Deliverable(3)", "Deliverable(3)\Deliverable(3).csproj", "{EFC537DB-CDE1-4AB8-977C-4AFF7D7E925B}"
EndProject
Global
	GlobalSection(SolutionConfigurationPlatforms) = preSolution
		Debug|Any CPU = Debug|Any CPU
		Release|Any CPU = Release|Any CPU
	EndGlobalSection
	GlobalSection(ProjectConfigurationPlatforms) = postSolution
		{EFC537DB-CDE1-4AB8-977C-4AFF7D7E925B}.Debug|Any CPU.ActiveCfg = Debug|Any CPU
		{EFC537DB-CDE1-4AB8-977C-4AFF7D7E925B}.Debug|Any CPU.Build.0 = Debug|Any CPU
		{EFC537DB-CDE1-4AB8-977C-4AFF7D7E925B}.Release|Any CPU.ActiveCfg = Release|Any CPU
		{EFC537DB-CDE1-4AB8-977C-4AFF7D7E925B}.Release|Any CPU.Build.0 = Release|Any CPU
	EndGlobalSection
	GlobalSection(SolutionProperties) = preSolution
		HideSolutionNode = FALSE
	EndGlobalSection
	GlobalSection(ExtensibilityGlobals) = postSolution
		SolutionGuid = {D3C724C6-26EA-4EEC-91AA-4E807A86FC6B}
	EndGlobalSection
EndGlobal
